[[package]]
name = "colored"
version = "1.4.3"
description = "Simple library for color and formatting to terminal"
category = "main"
optional = false
python-versions = "*"

[metadata]
lock-version = "1.1"
python-versions = ">=3.8.0,<3.9"
content-hash = "fd99320ca2acf803d1bfd20a558857c1433b792069384d606b9b0775a8eb7995"

[metadata.files]
colored = [
    {file = "colored-1.4.3.tar.gz", hash = "sha256:b7b48b9f40e8a65bbb54813d5d79dd008dc8b8c5638d5bbfd30fc5a82e6def7a"},
]
